
Microsoft Visual Studio Solution File, Format Version 12.00
Project("{FAE04EC0-301F-11D3-BF4B-00C04F79EFBC}") = "Skymarlin.Core", "src\Skymarlin.Core\Skymarlin.Core.csproj", "{1419C4D9-1331-470E-9613-21644FD3548D}"
EndProject
Project("{FAE04EC0-301F-11D3-BF4B-00C04F79EFBC}") = "Skymarlin.Core.Tests", "tests\Skymarlin.Core.Tests\Skymarlin.Core.Tests.csproj", "{115E07EF-1957-4E25-9003-9BD68ECBEB21}"
EndProject
Global
	GlobalSection(SolutionConfigurationPlatforms) = preSolution
		Debug|Any CPU = Debug|Any CPU
		Release|Any CPU = Release|Any CPU
	EndGlobalSection
	GlobalSection(ProjectConfigurationPlatforms) = postSolution
		{1419C4D9-1331-470E-9613-21644FD3548D}.Debug|Any CPU.ActiveCfg = Debug|Any CPU
		{1419C4D9-1331-470E-9613-21644FD3548D}.Debug|Any CPU.Build.0 = Debug|Any CPU
		{1419C4D9-1331-470E-9613-21644FD3548D}.Release|Any CPU.ActiveCfg = Release|Any CPU
		{1419C4D9-1331-470E-9613-21644FD3548D}.Release|Any CPU.Build.0 = Release|Any CPU
		{115E07EF-1957-4E25-9003-9BD68ECBEB21}.Debug|Any CPU.ActiveCfg = Debug|Any CPU
		{115E07EF-1957-4E25-9003-9BD68ECBEB21}.Debug|Any CPU.Build.0 = Debug|Any CPU
		{115E07EF-1957-4E25-9003-9BD68ECBEB21}.Release|Any CPU.ActiveCfg = Release|Any CPU
		{115E07EF-1957-4E25-9003-9BD68ECBEB21}.Release|Any CPU.Build.0 = Release|Any CPU
	EndGlobalSection
EndGlobal
