
Microsoft Visual Studio Solution File, Format Version 12.00
Project("{2150E333-8FDC-42A3-9474-1A3956D46DE8}") = "Core", "Core", "{ACE6FE7A-18DE-4CA9-83A8-D9E29BAFC9B5}"
EndProject
Project("{FAE04EC0-301F-11D3-BF4B-00C04F79EFBC}") = "Skymarlin.Network", "src\Skymarlin.Network\Skymarlin.Network.csproj", "{DA4CE722-966B-4BE9-BF2B-D95ACE0E5970}"
EndProject
Project("{2150E333-8FDC-42A3-9474-1A3956D46DE8}") = "Tests", "Tests", "{93D0017F-89F6-4B30-8072-13AFB6540917}"
EndProject
Project("{FAE04EC0-301F-11D3-BF4B-00C04F79EFBC}") = "Skymarlin.Network.Tests", "tests\Skymarlin.Network.Tests\Skymarlin.Network.Tests.csproj", "{3A51DD77-FDD4-472F-8076-9EAB7E52290F}"
EndProject
Project("{2150E333-8FDC-42A3-9474-1A3956D46DE8}") = "Servers", "Servers", "{E5799554-2740-4FEF-BE0C-1D419A8BE8EC}"
EndProject
Project("{FAE04EC0-301F-11D3-BF4B-00C04F79EFBC}") = "Skymarlin.Utils", "src\Skymarlin.Utils\Skymarlin.Utils.csproj", "{4C2EA9BD-C660-4502-BC4A-9E537002BEF8}"
EndProject
Project("{FAE04EC0-301F-11D3-BF4B-00C04F79EFBC}") = "Skymarlin.ChatServer", "src\Skymarlin.ChatServer\Skymarlin.ChatServer.csproj", "{5A3BD94E-593D-47E1-AC2A-16EE06D22FAA}"
EndProject
Global
	GlobalSection(SolutionConfigurationPlatforms) = preSolution
		Debug|Any CPU = Debug|Any CPU
		Release|Any CPU = Release|Any CPU
	EndGlobalSection
	GlobalSection(ProjectConfigurationPlatforms) = postSolution
		{DA4CE722-966B-4BE9-BF2B-D95ACE0E5970}.Debug|Any CPU.ActiveCfg = Debug|Any CPU
		{DA4CE722-966B-4BE9-BF2B-D95ACE0E5970}.Debug|Any CPU.Build.0 = Debug|Any CPU
		{DA4CE722-966B-4BE9-BF2B-D95ACE0E5970}.Release|Any CPU.ActiveCfg = Release|Any CPU
		{DA4CE722-966B-4BE9-BF2B-D95ACE0E5970}.Release|Any CPU.Build.0 = Release|Any CPU
		{3A51DD77-FDD4-472F-8076-9EAB7E52290F}.Debug|Any CPU.ActiveCfg = Debug|Any CPU
		{3A51DD77-FDD4-472F-8076-9EAB7E52290F}.Debug|Any CPU.Build.0 = Debug|Any CPU
		{3A51DD77-FDD4-472F-8076-9EAB7E52290F}.Release|Any CPU.ActiveCfg = Release|Any CPU
		{3A51DD77-FDD4-472F-8076-9EAB7E52290F}.Release|Any CPU.Build.0 = Release|Any CPU
		{4C2EA9BD-C660-4502-BC4A-9E537002BEF8}.Debug|Any CPU.ActiveCfg = Debug|Any CPU
		{4C2EA9BD-C660-4502-BC4A-9E537002BEF8}.Debug|Any CPU.Build.0 = Debug|Any CPU
		{4C2EA9BD-C660-4502-BC4A-9E537002BEF8}.Release|Any CPU.ActiveCfg = Release|Any CPU
		{4C2EA9BD-C660-4502-BC4A-9E537002BEF8}.Release|Any CPU.Build.0 = Release|Any CPU
		{5A3BD94E-593D-47E1-AC2A-16EE06D22FAA}.Debug|Any CPU.ActiveCfg = Debug|Any CPU
		{5A3BD94E-593D-47E1-AC2A-16EE06D22FAA}.Debug|Any CPU.Build.0 = Debug|Any CPU
		{5A3BD94E-593D-47E1-AC2A-16EE06D22FAA}.Release|Any CPU.ActiveCfg = Release|Any CPU
		{5A3BD94E-593D-47E1-AC2A-16EE06D22FAA}.Release|Any CPU.Build.0 = Release|Any CPU
	EndGlobalSection
	GlobalSection(NestedProjects) = preSolution
		{DA4CE722-966B-4BE9-BF2B-D95ACE0E5970} = {ACE6FE7A-18DE-4CA9-83A8-D9E29BAFC9B5}
		{3A51DD77-FDD4-472F-8076-9EAB7E52290F} = {93D0017F-89F6-4B30-8072-13AFB6540917}
		{4C2EA9BD-C660-4502-BC4A-9E537002BEF8} = {ACE6FE7A-18DE-4CA9-83A8-D9E29BAFC9B5}
		{5A3BD94E-593D-47E1-AC2A-16EE06D22FAA} = {E5799554-2740-4FEF-BE0C-1D419A8BE8EC}
	EndGlobalSection
EndGlobal
